
Microsoft Visual Studio Solution File, Format Version 12.00
# Visual Studio 15
VisualStudioVersion = 15.0.27130.2024
MinimumVisualStudioVersion = 10.0.40219.1
Project("{FAE04EC0-301F-11D3-BF4B-00C04F79EFBC}") = "Enia-195", "Enia-195\Enia-195.csproj", "{16581B88-1C78-4D68-833E-F09903F10CBE}"
EndProject
Global
	GlobalSection(SolutionConfigurationPlatforms) = preSolution
		Debug|Any CPU = Debug|Any CPU
		Release|Any CPU = Release|Any CPU
	EndGlobalSection
	GlobalSection(ProjectConfigurationPlatforms) = postSolution
		{16581B88-1C78-4D68-833E-F09903F10CBE}.Debug|Any CPU.ActiveCfg = Debug|Any CPU
		{16581B88-1C78-4D68-833E-F09903F10CBE}.Debug|Any CPU.Build.0 = Debug|Any CPU
		{16581B88-1C78-4D68-833E-F09903F10CBE}.Release|Any CPU.ActiveCfg = Release|Any CPU
		{16581B88-1C78-4D68-833E-F09903F10CBE}.Release|Any CPU.Build.0 = Release|Any CPU
	EndGlobalSection
	GlobalSection(SolutionProperties) = preSolution
		HideSolutionNode = FALSE
	EndGlobalSection
	GlobalSection(ExtensibilityGlobals) = postSolution
		SolutionGuid = {02BF8F73-0593-4EAA-840D-A30FA4C12216}
	EndGlobalSection
EndGlobal
